
Microsoft Visual Studio Solution File, Format Version 12.00
# Visual Studio 2013
VisualStudioVersion = 12.0.31101.0
MinimumVisualStudioVersion = 10.0.40219.1
Project("{FAE04EC0-301F-11D3-BF4B-00C04F79EFBC}") = "WIDE", "WpfApplication1\WIDE.csproj", "{0098FEAF-74A8-4306-BA69-BDE5302C8C71}"
	ProjectSection(ProjectDependencies) = postProject
		{D48C4997-0892-4D55-90D3-8B389BADA363} = {D48C4997-0892-4D55-90D3-8B389BADA363}
		{08A72ABD-D91E-4898-88A6-71226C23387B} = {08A72ABD-D91E-4898-88A6-71226C23387B}
		{2C720BC5-87E4-44E8-83A0-384C5765616E} = {2C720BC5-87E4-44E8-83A0-384C5765616E}
	EndProjectSection
EndProject
Project("{FAE04EC0-301F-11D3-BF4B-00C04F79EFBC}") = "common", "common\common.csproj", "{2C720BC5-87E4-44E8-83A0-384C5765616E}"
EndProject
Project("{FAE04EC0-301F-11D3-BF4B-00C04F79EFBC}") = "GNIDA", "GNIDA\GNIDA.csproj", "{08A72ABD-D91E-4898-88A6-71226C23387B}"
	ProjectSection(ProjectDependencies) = postProject
		{972C5061-2D58-4919-BDD3-D19BB3F3330A} = {972C5061-2D58-4919-BDD3-D19BB3F3330A}
		{D48C4997-0892-4D55-90D3-8B389BADA363} = {D48C4997-0892-4D55-90D3-8B389BADA363}
		{2C720BC5-87E4-44E8-83A0-384C5765616E} = {2C720BC5-87E4-44E8-83A0-384C5765616E}
		{0C45DAF7-2948-452E-BA7A-E60C3F57980C} = {0C45DAF7-2948-452E-BA7A-E60C3F57980C}
	EndProjectSection
EndProject
Project("{FAE04EC0-301F-11D3-BF4B-00C04F79EFBC}") = "DMediana", "DMediana\DMediana.csproj", "{0C45DAF7-2948-452E-BA7A-E60C3F57980C}"
	ProjectSection(ProjectDependencies) = postProject
		{2C720BC5-87E4-44E8-83A0-384C5765616E} = {2C720BC5-87E4-44E8-83A0-384C5765616E}
	EndProjectSection
EndProject
Project("{FAE04EC0-301F-11D3-BF4B-00C04F79EFBC}") = "LoaderWin32", "LoaderWin32\LoaderWin32.csproj", "{D48C4997-0892-4D55-90D3-8B389BADA363}"
	ProjectSection(ProjectDependencies) = postProject
		{2C720BC5-87E4-44E8-83A0-384C5765616E} = {2C720BC5-87E4-44E8-83A0-384C5765616E}
	EndProjectSection
EndProject
Project("{FAE04EC0-301F-11D3-BF4B-00C04F79EFBC}") = "DBea", "DBea\DBea.csproj", "{972C5061-2D58-4919-BDD3-D19BB3F3330A}"
	ProjectSection(ProjectDependencies) = postProject
		{2C720BC5-87E4-44E8-83A0-384C5765616E} = {2C720BC5-87E4-44E8-83A0-384C5765616E}
	EndProjectSection
EndProject
Global
	GlobalSection(SolutionConfigurationPlatforms) = preSolution
		Debug|Any CPU = Debug|Any CPU
		GTK debug|Any CPU = GTK debug|Any CPU
		GTK release|Any CPU = GTK release|Any CPU
		Release|Any CPU = Release|Any CPU
	EndGlobalSection
	GlobalSection(ProjectConfigurationPlatforms) = postSolution
		{0098FEAF-74A8-4306-BA69-BDE5302C8C71}.Debug|Any CPU.ActiveCfg = Debug|Any CPU
		{0098FEAF-74A8-4306-BA69-BDE5302C8C71}.Debug|Any CPU.Build.0 = Debug|Any CPU
		{0098FEAF-74A8-4306-BA69-BDE5302C8C71}.GTK debug|Any CPU.ActiveCfg = Release|Any CPU
		{0098FEAF-74A8-4306-BA69-BDE5302C8C71}.GTK debug|Any CPU.Build.0 = Release|Any CPU
		{0098FEAF-74A8-4306-BA69-BDE5302C8C71}.GTK release|Any CPU.ActiveCfg = Release|Any CPU
		{0098FEAF-74A8-4306-BA69-BDE5302C8C71}.GTK release|Any CPU.Build.0 = Release|Any CPU
		{0098FEAF-74A8-4306-BA69-BDE5302C8C71}.Release|Any CPU.ActiveCfg = Release|Any CPU
		{0098FEAF-74A8-4306-BA69-BDE5302C8C71}.Release|Any CPU.Build.0 = Release|Any CPU
		{2C720BC5-87E4-44E8-83A0-384C5765616E}.Debug|Any CPU.ActiveCfg = Debug|Any CPU
		{2C720BC5-87E4-44E8-83A0-384C5765616E}.Debug|Any CPU.Build.0 = Debug|Any CPU
		{2C720BC5-87E4-44E8-83A0-384C5765616E}.GTK debug|Any CPU.ActiveCfg = Release|Any CPU
		{2C720BC5-87E4-44E8-83A0-384C5765616E}.GTK debug|Any CPU.Build.0 = Release|Any CPU
		{2C720BC5-87E4-44E8-83A0-384C5765616E}.GTK release|Any CPU.ActiveCfg = Release|Any CPU
		{2C720BC5-87E4-44E8-83A0-384C5765616E}.GTK release|Any CPU.Build.0 = Release|Any CPU
		{2C720BC5-87E4-44E8-83A0-384C5765616E}.Release|Any CPU.ActiveCfg = Release|Any CPU
		{2C720BC5-87E4-44E8-83A0-384C5765616E}.Release|Any CPU.Build.0 = Release|Any CPU
		{08A72ABD-D91E-4898-88A6-71226C23387B}.Debug|Any CPU.ActiveCfg = Debug|Any CPU
		{08A72ABD-D91E-4898-88A6-71226C23387B}.Debug|Any CPU.Build.0 = Debug|Any CPU
		{08A72ABD-D91E-4898-88A6-71226C23387B}.GTK debug|Any CPU.ActiveCfg = Release|Any CPU
		{08A72ABD-D91E-4898-88A6-71226C23387B}.GTK debug|Any CPU.Build.0 = Release|Any CPU
		{08A72ABD-D91E-4898-88A6-71226C23387B}.GTK release|Any CPU.ActiveCfg = Release|Any CPU
		{08A72ABD-D91E-4898-88A6-71226C23387B}.GTK release|Any CPU.Build.0 = Release|Any CPU
		{08A72ABD-D91E-4898-88A6-71226C23387B}.Release|Any CPU.ActiveCfg = Release|Any CPU
		{08A72ABD-D91E-4898-88A6-71226C23387B}.Release|Any CPU.Build.0 = Release|Any CPU
		{0C45DAF7-2948-452E-BA7A-E60C3F57980C}.Debug|Any CPU.ActiveCfg = Debug|Any CPU
		{0C45DAF7-2948-452E-BA7A-E60C3F57980C}.Debug|Any CPU.Build.0 = Debug|Any CPU
		{0C45DAF7-2948-452E-BA7A-E60C3F57980C}.GTK debug|Any CPU.ActiveCfg = Release|Any CPU
		{0C45DAF7-2948-452E-BA7A-E60C3F57980C}.GTK debug|Any CPU.Build.0 = Release|Any CPU
		{0C45DAF7-2948-452E-BA7A-E60C3F57980C}.GTK release|Any CPU.ActiveCfg = Release|Any CPU
		{0C45DAF7-2948-452E-BA7A-E60C3F57980C}.GTK release|Any CPU.Build.0 = Release|Any CPU
		{0C45DAF7-2948-452E-BA7A-E60C3F57980C}.Release|Any CPU.ActiveCfg = Release|Any CPU
		{0C45DAF7-2948-452E-BA7A-E60C3F57980C}.Release|Any CPU.Build.0 = Release|Any CPU
		{D48C4997-0892-4D55-90D3-8B389BADA363}.Debug|Any CPU.ActiveCfg = Debug|Any CPU
		{D48C4997-0892-4D55-90D3-8B389BADA363}.Debug|Any CPU.Build.0 = Debug|Any CPU
		{D48C4997-0892-4D55-90D3-8B389BADA363}.GTK debug|Any CPU.ActiveCfg = Release|Any CPU
		{D48C4997-0892-4D55-90D3-8B389BADA363}.GTK debug|Any CPU.Build.0 = Release|Any CPU
		{D48C4997-0892-4D55-90D3-8B389BADA363}.GTK release|Any CPU.ActiveCfg = Release|Any CPU
		{D48C4997-0892-4D55-90D3-8B389BADA363}.GTK release|Any CPU.Build.0 = Release|Any CPU
		{D48C4997-0892-4D55-90D3-8B389BADA363}.Release|Any CPU.ActiveCfg = Release|Any CPU
		{D48C4997-0892-4D55-90D3-8B389BADA363}.Release|Any CPU.Build.0 = Release|Any CPU
		{972C5061-2D58-4919-BDD3-D19BB3F3330A}.Debug|Any CPU.ActiveCfg = Debug|Any CPU
		{972C5061-2D58-4919-BDD3-D19BB3F3330A}.Debug|Any CPU.Build.0 = Debug|Any CPU
		{972C5061-2D58-4919-BDD3-D19BB3F3330A}.GTK debug|Any CPU.ActiveCfg = Release|Any CPU
		{972C5061-2D58-4919-BDD3-D19BB3F3330A}.GTK debug|Any CPU.Build.0 = Release|Any CPU
		{972C5061-2D58-4919-BDD3-D19BB3F3330A}.GTK release|Any CPU.ActiveCfg = Release|Any CPU
		{972C5061-2D58-4919-BDD3-D19BB3F3330A}.GTK release|Any CPU.Build.0 = Release|Any CPU
		{972C5061-2D58-4919-BDD3-D19BB3F3330A}.Release|Any CPU.ActiveCfg = Release|Any CPU
		{972C5061-2D58-4919-BDD3-D19BB3F3330A}.Release|Any CPU.Build.0 = Release|Any CPU
	EndGlobalSection
	GlobalSection(SolutionProperties) = preSolution
		HideSolutionNode = FALSE
	EndGlobalSection
EndGlobal
